// !$*UTF8*$!
{
	archiveVersion = 1;
	classes = {
	};
	objectVersion = 55;
	objects = {

/* Begin PBXBuildFile section */
		B455ED382885BEB20021F949 /* FruitzApp.swift in Sources */ = {isa = PBXBuildFile; fileRef = B455ED372885BEB20021F949 /* FruitzApp.swift */; };
		B455ED3A2885BEB20021F949 /* ContentView.swift in Sources */ = {isa = PBXBuildFile; fileRef = B455ED392885BEB20021F949 /* ContentView.swift */; };
		B455ED3C2885BEB30021F949 /* Assets.xcassets in Resources */ = {isa = PBXBuildFile; fileRef = B455ED3B2885BEB30021F949 /* Assets.xcassets */; };
		B455ED3F2885BEB30021F949 /* Preview Assets.xcassets in Resources */ = {isa = PBXBuildFile; fileRef = B455ED3E2885BEB30021F949 /* Preview Assets.xcassets */; };
		B455ED492885BEB30021F949 /* FruitzTests.swift in Sources */ = {isa = PBXBuildFile; fileRef = B455ED482885BEB30021F949 /* FruitzTests.swift */; };
		B455ED532885BEB30021F949 /* FruitzUITests.swift in Sources */ = {isa = PBXBuildFile; fileRef = B455ED522885BEB30021F949 /* FruitzUITests.swift */; };
		B455ED552885BEB30021F949 /* FruitzUITestsLaunchTests.swift in Sources */ = {isa = PBXBuildFile; fileRef = B455ED542885BEB30021F949 /* FruitzUITestsLaunchTests.swift */; };
		B455ED662885C4370021F949 /* CardView.swift in Sources */ = {isa = PBXBuildFile; fileRef = B455ED652885C4370021F949 /* CardView.swift */; };
		B455ED682885C78D0021F949 /* StartButtonView.swift in Sources */ = {isa = PBXBuildFile; fileRef = B455ED672885C78D0021F949 /* StartButtonView.swift */; };
		B455ED6A2885CD160021F949 /* OnboardingView.swift in Sources */ = {isa = PBXBuildFile; fileRef = B455ED692885CD160021F949 /* OnboardingView.swift */; };
/* End PBXBuildFile section */

/* Begin PBXContainerItemProxy section */
		B455ED452885BEB30021F949 /* PBXContainerItemProxy */ = {
			isa = PBXContainerItemProxy;
			containerPortal = B455ED2C2885BEB20021F949 /* Project object */;
			proxyType = 1;
			remoteGlobalIDString = B455ED332885BEB20021F949;
			remoteInfo = Fruitz;
		};
		B455ED4F2885BEB30021F949 /* PBXContainerItemProxy */ = {
			isa = PBXContainerItemProxy;
			containerPortal = B455ED2C2885BEB20021F949 /* Project object */;
			proxyType = 1;
			remoteGlobalIDString = B455ED332885BEB20021F949;
			remoteInfo = Fruitz;
		};
/* End PBXContainerItemProxy section */

/* Begin PBXFileReference section */
		B455ED342885BEB20021F949 /* Fruitz.app */ = {isa = PBXFileReference; explicitFileType = wrapper.application; includeInIndex = 0; path = Fruitz.app; sourceTree = BUILT_PRODUCTS_DIR; };
		B455ED372885BEB20021F949 /* FruitzApp.swift */ = {isa = PBXFileReference; lastKnownFileType = sourcecode.swift; path = FruitzApp.swift; sourceTree = "<group>"; };
		B455ED392885BEB20021F949 /* ContentView.swift */ = {isa = PBXFileReference; lastKnownFileType = sourcecode.swift; path = ContentView.swift; sourceTree = "<group>"; };
		B455ED3B2885BEB30021F949 /* Assets.xcassets */ = {isa = PBXFileReference; lastKnownFileType = folder.assetcatalog; path = Assets.xcassets; sourceTree = "<group>"; };
		B455ED3E2885BEB30021F949 /* Preview Assets.xcassets */ = {isa = PBXFileReference; lastKnownFileType = folder.assetcatalog; path = "Preview Assets.xcassets"; sourceTree = "<group>"; };
		B455ED442885BEB30021F949 /* FruitzTests.xctest */ = {isa = PBXFileReference; explicitFileType = wrapper.cfbundle; includeInIndex = 0; path = FruitzTests.xctest; sourceTree = BUILT_PRODUCTS_DIR; };
		B455ED482885BEB30021F949 /* FruitzTests.swift */ = {isa = PBXFileReference; lastKnownFileType = sourcecode.swift; path = FruitzTests.swift; sourceTree = "<group>"; };
		B455ED4E2885BEB30021F949 /* FruitzUITests.xctest */ = {isa = PBXFileReference; explicitFileType = wrapper.cfbundle; includeInIndex = 0; path = FruitzUITests.xctest; sourceTree = BUILT_PRODUCTS_DIR; };
		B455ED522885BEB30021F949 /* FruitzUITests.swift */ = {isa = PBXFileReference; lastKnownFileType = sourcecode.swift; path = FruitzUITests.swift; sourceTree = "<group>"; };
		B455ED542885BEB30021F949 /* FruitzUITestsLaunchTests.swift */ = {isa = PBXFileReference; lastKnownFileType = sourcecode.swift; path = FruitzUITestsLaunchTests.swift; sourceTree = "<group>"; };
		B455ED652885C4370021F949 /* CardView.swift */ = {isa = PBXFileReference; lastKnownFileType = sourcecode.swift; path = CardView.swift; sourceTree = "<group>"; };
		B455ED672885C78D0021F949 /* StartButtonView.swift */ = {isa = PBXFileReference; lastKnownFileType = sourcecode.swift; path = StartButtonView.swift; sourceTree = "<group>"; };
		B455ED692885CD160021F949 /* OnboardingView.swift */ = {isa = PBXFileReference; lastKnownFileType = sourcecode.swift; path = OnboardingView.swift; sourceTree = "<group>"; };
/* End PBXFileReference section */

/* Begin PBXFrameworksBuildPhase section */
		B455ED312885BEB20021F949 /* Frameworks */ = {
			isa = PBXFrameworksBuildPhase;
			buildActionMask = 2147483647;
			files = (
			);
			runOnlyForDeploymentPostprocessing = 0;
		};
		B455ED412885BEB30021F949 /* Frameworks */ = {
			isa = PBXFrameworksBuildPhase;
			buildActionMask = 2147483647;
			files = (
			);
			runOnlyForDeploymentPostprocessing = 0;
		};
		B455ED4B2885BEB30021F949 /* Frameworks */ = {
			isa = PBXFrameworksBuildPhase;
			buildActionMask = 2147483647;
			files = (
			);
			runOnlyForDeploymentPostprocessing = 0;
		};
/* End PBXFrameworksBuildPhase section */

/* Begin PBXGroup section */
		B455ED2B2885BEB20021F949 = {
			isa = PBXGroup;
			children = (
				B455ED362885BEB20021F949 /* Fruitz */,
				B455ED472885BEB30021F949 /* FruitzTests */,
				B455ED512885BEB30021F949 /* FruitzUITests */,
				B455ED352885BEB20021F949 /* Products */,
			);
			sourceTree = "<group>";
		};
		B455ED352885BEB20021F949 /* Products */ = {
			isa = PBXGroup;
			children = (
				B455ED342885BEB20021F949 /* Fruitz.app */,
				B455ED442885BEB30021F949 /* FruitzTests.xctest */,
				B455ED4E2885BEB30021F949 /* FruitzUITests.xctest */,
			);
			name = Products;
			sourceTree = "<group>";
		};
		B455ED362885BEB20021F949 /* Fruitz */ = {
			isa = PBXGroup;
			children = (
				B455ED642885BEEA0021F949 /* Data */,
				B455ED632885BEE60021F949 /* Model */,
				B455ED622885BEE10021F949 /* View */,
				B455ED612885BEDC0021F949 /* Screen */,
				B455ED372885BEB20021F949 /* FruitzApp.swift */,
				B455ED392885BEB20021F949 /* ContentView.swift */,
				B455ED3B2885BEB30021F949 /* Assets.xcassets */,
				B455ED3D2885BEB30021F949 /* Preview Content */,
			);
			path = Fruitz;
			sourceTree = "<group>";
		};
		B455ED3D2885BEB30021F949 /* Preview Content */ = {
			isa = PBXGroup;
			children = (
				B455ED3E2885BEB30021F949 /* Preview Assets.xcassets */,
			);
			path = "Preview Content";
			sourceTree = "<group>";
		};
		B455ED472885BEB30021F949 /* FruitzTests */ = {
			isa = PBXGroup;
			children = (
				B455ED482885BEB30021F949 /* FruitzTests.swift */,
			);
			path = FruitzTests;
			sourceTree = "<group>";
		};
		B455ED512885BEB30021F949 /* FruitzUITests */ = {
			isa = PBXGroup;
			children = (
				B455ED522885BEB30021F949 /* FruitzUITests.swift */,
				B455ED542885BEB30021F949 /* FruitzUITestsLaunchTests.swift */,
			);
			path = FruitzUITests;
			sourceTree = "<group>";
		};
		B455ED612885BEDC0021F949 /* Screen */ = {
			isa = PBXGroup;
			children = (
			);
			path = Screen;
			sourceTree = "<group>";
		};
		B455ED622885BEE10021F949 /* View */ = {
			isa = PBXGroup;
			children = (
				B455ED652885C4370021F949 /* CardView.swift */,
				B455ED672885C78D0021F949 /* StartButtonView.swift */,
				B455ED692885CD160021F949 /* OnboardingView.swift */,
			);
			path = View;
			sourceTree = "<group>";
		};
		B455ED632885BEE60021F949 /* Model */ = {
			isa = PBXGroup;
			children = (
			);
			path = Model;
			sourceTree = "<group>";
		};
		B455ED642885BEEA0021F949 /* Data */ = {
			isa = PBXGroup;
			children = (
			);
			path = Data;
			sourceTree = "<group>";
		};
/* End PBXGroup section */

/* Begin PBXNativeTarget section */
		B455ED332885BEB20021F949 /* Fruitz */ = {
			isa = PBXNativeTarget;
			buildConfigurationList = B455ED582885BEB30021F949 /* Build configuration list for PBXNativeTarget "Fruitz" */;
			buildPhases = (
				B455ED302885BEB20021F949 /* Sources */,
				B455ED312885BEB20021F949 /* Frameworks */,
				B455ED322885BEB20021F949 /* Resources */,
			);
			buildRules = (
			);
			dependencies = (
			);
			name = Fruitz;
			productName = Fruitz;
			productReference = B455ED342885BEB20021F949 /* Fruitz.app */;
			productType = "com.apple.product-type.application";
		};
		B455ED432885BEB30021F949 /* FruitzTests */ = {
			isa = PBXNativeTarget;
			buildConfigurationList = B455ED5B2885BEB30021F949 /* Build configuration list for PBXNativeTarget "FruitzTests" */;
			buildPhases = (
				B455ED402885BEB30021F949 /* Sources */,
				B455ED412885BEB30021F949 /* Frameworks */,
				B455ED422885BEB30021F949 /* Resources */,
			);
			buildRules = (
			);
			dependencies = (
				B455ED462885BEB30021F949 /* PBXTargetDependency */,
			);
			name = FruitzTests;
			productName = FruitzTests;
			productReference = B455ED442885BEB30021F949 /* FruitzTests.xctest */;
			productType = "com.apple.product-type.bundle.unit-test";
		};
		B455ED4D2885BEB30021F949 /* FruitzUITests */ = {
			isa = PBXNativeTarget;
			buildConfigurationList = B455ED5E2885BEB30021F949 /* Build configuration list for PBXNativeTarget "FruitzUITests" */;
			buildPhases = (
				B455ED4A2885BEB30021F949 /* Sources */,
				B455ED4B2885BEB30021F949 /* Frameworks */,
				B455ED4C2885BEB30021F949 /* Resources */,
			);
			buildRules = (
			);
			dependencies = (
				B455ED502885BEB30021F949 /* PBXTargetDependency */,
			);
			name = FruitzUITests;
			productName = FruitzUITests;
			productReference = B455ED4E2885BEB30021F949 /* FruitzUITests.xctest */;
			productType = "com.apple.product-type.bundle.ui-testing";
		};
/* End PBXNativeTarget section */

/* Begin PBXProject section */
		B455ED2C2885BEB20021F949 /* Project object */ = {
			isa = PBXProject;
			attributes = {
				BuildIndependentTargetsInParallel = 1;
				LastSwiftUpdateCheck = 1340;
				LastUpgradeCheck = 1340;
				TargetAttributes = {
					B455ED332885BEB20021F949 = {
						CreatedOnToolsVersion = 13.4.1;
					};
					B455ED432885BEB30021F949 = {
						CreatedOnToolsVersion = 13.4.1;
						TestTargetID = B455ED332885BEB20021F949;
					};
					B455ED4D2885BEB30021F949 = {
						CreatedOnToolsVersion = 13.4.1;
						TestTargetID = B455ED332885BEB20021F949;
					};
				};
			};
			buildConfigurationList = B455ED2F2885BEB20021F949 /* Build configuration list for PBXProject "Fruitz" */;
			compatibilityVersion = "Xcode 13.0";
			developmentRegion = en;
			hasScannedForEncodings = 0;
			knownRegions = (
				en,
				Base,
			);
			mainGroup = B455ED2B2885BEB20021F949;
			productRefGroup = B455ED352885BEB20021F949 /* Products */;
			projectDirPath = "";
			projectRoot = "";
			targets = (
				B455ED332885BEB20021F949 /* Fruitz */,
				B455ED432885BEB30021F949 /* FruitzTests */,
				B455ED4D2885BEB30021F949 /* FruitzUITests */,
			);
		};
/* End PBXProject section */

/* Begin PBXResourcesBuildPhase section */
		B455ED322885BEB20021F949 /* Resources */ = {
			isa = PBXResourcesBuildPhase;
			buildActionMask = 2147483647;
			files = (
				B455ED3F2885BEB30021F949 /* Preview Assets.xcassets in Resources */,
				B455ED3C2885BEB30021F949 /* Assets.xcassets in Resources */,
			);
			runOnlyForDeploymentPostprocessing = 0;
		};
		B455ED422885BEB30021F949 /* Resources */ = {
			isa = PBXResourcesBuildPhase;
			buildActionMask = 2147483647;
			files = (
			);
			runOnlyForDeploymentPostprocessing = 0;
		};
		B455ED4C2885BEB30021F949 /* Resources */ = {
			isa = PBXResourcesBuildPhase;
			buildActionMask = 2147483647;
			files = (
			);
			runOnlyForDeploymentPostprocessing = 0;
		};
/* End PBXResourcesBuildPhase section */

/* Begin PBXSourcesBuildPhase section */
		B455ED302885BEB20021F949 /* Sources */ = {
			isa = PBXSourcesBuildPhase;
			buildActionMask = 2147483647;
			files = (
				B455ED3A2885BEB20021F949 /* ContentView.swift in Sources */,
				B455ED682885C78D0021F949 /* StartButtonView.swift in Sources */,
				B455ED662885C4370021F949 /* CardView.swift in Sources */,
				B455ED6A2885CD160021F949 /* OnboardingView.swift in Sources */,
				B455ED382885BEB20021F949 /* FruitzApp.swift in Sources */,
			);
			runOnlyForDeploymentPostprocessing = 0;
		};
		B455ED402885BEB30021F949 /* Sources */ = {
			isa = PBXSourcesBuildPhase;
			buildActionMask = 2147483647;
			files = (
				B455ED492885BEB30021F949 /* FruitzTests.swift in Sources */,
			);
			runOnlyForDeploymentPostprocessing = 0;
		};
		B455ED4A2885BEB30021F949 /* Sources */ = {
			isa = PBXSourcesBuildPhase;
			buildActionMask = 2147483647;
			files = (
				B455ED552885BEB30021F949 /* FruitzUITestsLaunchTests.swift in Sources */,
				B455ED532885BEB30021F949 /* FruitzUITests.swift in Sources */,
			);
			runOnlyForDeploymentPostprocessing = 0;
		};
/* End PBXSourcesBuildPhase section */

/* Begin PBXTargetDependency section */
		B455ED462885BEB30021F949 /* PBXTargetDependency */ = {
			isa = PBXTargetDependency;
			target = B455ED332885BEB20021F949 /* Fruitz */;
			targetProxy = B455ED452885BEB30021F949 /* PBXContainerItemProxy */;
		};
		B455ED502885BEB30021F949 /* PBXTargetDependency */ = {
			isa = PBXTargetDependency;
			target = B455ED332885BEB20021F949 /* Fruitz */;
			targetProxy = B455ED4F2885BEB30021F949 /* PBXContainerItemProxy */;
		};
/* End PBXTargetDependency section */

/* Begin XCBuildConfiguration section */
		B455ED562885BEB30021F949 /* Debug */ = {
			isa = XCBuildConfiguration;
			buildSettings = {
				ALWAYS_SEARCH_USER_PATHS = NO;
				CLANG_ANALYZER_NONNULL = YES;
				CLANG_ANALYZER_NUMBER_OBJECT_CONVERSION = YES_AGGRESSIVE;
				CLANG_CXX_LANGUAGE_STANDARD = "gnu++17";
				CLANG_ENABLE_MODULES = YES;
				CLANG_ENABLE_OBJC_ARC = YES;
				CLANG_ENABLE_OBJC_WEAK = YES;
				CLANG_WARN_BLOCK_CAPTURE_AUTORELEASING = YES;
				CLANG_WARN_BOOL_CONVERSION = YES;
				CLANG_WARN_COMMA = YES;
				CLANG_WARN_CONSTANT_CONVERSION = YES;
				CLANG_WARN_DEPRECATED_OBJC_IMPLEMENTATIONS = YES;
				CLANG_WARN_DIRECT_OBJC_ISA_USAGE = YES_ERROR;
				CLANG_WARN_DOCUMENTATION_COMMENTS = YES;
				CLANG_WARN_EMPTY_BODY = YES;
				CLANG_WARN_ENUM_CONVERSION = YES;
				CLANG_WARN_INFINITE_RECURSION = YES;
				CLANG_WARN_INT_CONVERSION = YES;
				CLANG_WARN_NON_LITERAL_NULL_CONVERSION = YES;
				CLANG_WARN_OBJC_IMPLICIT_RETAIN_SELF = YES;
				CLANG_WARN_OBJC_LITERAL_CONVERSION = YES;
				CLANG_WARN_OBJC_ROOT_CLASS = YES_ERROR;
				CLANG_WARN_QUOTED_INCLUDE_IN_FRAMEWORK_HEADER = YES;
				CLANG_WARN_RANGE_LOOP_ANALYSIS = YES;
				CLANG_WARN_STRICT_PROTOTYPES = YES;
				CLANG_WARN_SUSPICIOUS_MOVE = YES;
				CLANG_WARN_UNGUARDED_AVAILABILITY = YES_AGGRESSIVE;
				CLANG_WARN_UNREACHABLE_CODE = YES;
				CLANG_WARN__DUPLICATE_METHOD_MATCH = YES;
				COPY_PHASE_STRIP = NO;
				DEBUG_INFORMATION_FORMAT = dwarf;
				ENABLE_STRICT_OBJC_MSGSEND = YES;
				ENABLE_TESTABILITY = YES;
				GCC_C_LANGUAGE_STANDARD = gnu11;
				GCC_DYNAMIC_NO_PIC = NO;
				GCC_NO_COMMON_BLOCKS = YES;
				GCC_OPTIMIZATION_LEVEL = 0;
				GCC_PREPROCESSOR_DEFINITIONS = (
					"DEBUG=1",
					"$(inherited)",
				);
				GCC_WARN_64_TO_32_BIT_CONVERSION = YES;
				GCC_WARN_ABOUT_RETURN_TYPE = YES_ERROR;
				GCC_WARN_UNDECLARED_SELECTOR = YES;
				GCC_WARN_UNINITIALIZED_AUTOS = YES_AGGRESSIVE;
				GCC_WARN_UNUSED_FUNCTION = YES;
				GCC_WARN_UNUSED_VARIABLE = YES;
				IPHONEOS_DEPLOYMENT_TARGET = 15.5;
				MTL_ENABLE_DEBUG_INFO = INCLUDE_SOURCE;
				MTL_FAST_MATH = YES;
				ONLY_ACTIVE_ARCH = YES;
				SDKROOT = iphoneos;
				SWIFT_ACTIVE_COMPILATION_CONDITIONS = DEBUG;
				SWIFT_OPTIMIZATION_LEVEL = "-Onone";
			};
			name = Debug;
		};
		B455ED572885BEB30021F949 /* Release */ = {
			isa = XCBuildConfiguration;
			buildSettings = {
				ALWAYS_SEARCH_USER_PATHS = NO;
				CLANG_ANALYZER_NONNULL = YES;
				CLANG_ANALYZER_NUMBER_OBJECT_CONVERSION = YES_AGGRESSIVE;
				CLANG_CXX_LANGUAGE_STANDARD = "gnu++17";
				CLANG_ENABLE_MODULES = YES;
				CLANG_ENABLE_OBJC_ARC = YES;
				CLANG_ENABLE_OBJC_WEAK = YES;
				CLANG_WARN_BLOCK_CAPTURE_AUTORELEASING = YES;
				CLANG_WARN_BOOL_CONVERSION = YES;
				CLANG_WARN_COMMA = YES;
				CLANG_WARN_CONSTANT_CONVERSION = YES;
				CLANG_WARN_DEPRECATED_OBJC_IMPLEMENTATIONS = YES;
				CLANG_WARN_DIRECT_OBJC_ISA_USAGE = YES_ERROR;
				CLANG_WARN_DOCUMENTATION_COMMENTS = YES;
				CLANG_WARN_EMPTY_BODY = YES;
				CLANG_WARN_ENUM_CONVERSION = YES;
				CLANG_WARN_INFINITE_RECURSION = YES;
				CLANG_WARN_INT_CONVERSION = YES;
				CLANG_WARN_NON_LITERAL_NULL_CONVERSION = YES;
				CLANG_WARN_OBJC_IMPLICIT_RETAIN_SELF = YES;
				CLANG_WARN_OBJC_LITERAL_CONVERSION = YES;
				CLANG_WARN_OBJC_ROOT_CLASS = YES_ERROR;
				CLANG_WARN_QUOTED_INCLUDE_IN_FRAMEWORK_HEADER = YES;
				CLANG_WARN_RANGE_LOOP_ANALYSIS = YES;
				CLANG_WARN_STRICT_PROTOTYPES = YES;
				CLANG_WARN_SUSPICIOUS_MOVE = YES;
				CLANG_WARN_UNGUARDED_AVAILABILITY = YES_AGGRESSIVE;
				CLANG_WARN_UNREACHABLE_CODE = YES;
				CLANG_WARN__DUPLICATE_METHOD_MATCH = YES;
				COPY_PHASE_STRIP = NO;
				DEBUG_INFORMATION_FORMAT = "dwarf-with-dsym";
				ENABLE_NS_ASSERTIONS = NO;
				ENABLE_STRICT_OBJC_MSGSEND = YES;
				GCC_C_LANGUAGE_STANDARD = gnu11;
				GCC_NO_COMMON_BLOCKS = YES;
				GCC_WARN_64_TO_32_BIT_CONVERSION = YES;
				GCC_WARN_ABOUT_RETURN_TYPE = YES_ERROR;
				GCC_WARN_UNDECLARED_SELECTOR = YES;
				GCC_WARN_UNINITIALIZED_AUTOS = YES_AGGRESSIVE;
				GCC_WARN_UNUSED_FUNCTION = YES;
				GCC_WARN_UNUSED_VARIABLE = YES;
				IPHONEOS_DEPLOYMENT_TARGET = 15.5;
				MTL_ENABLE_DEBUG_INFO = NO;
				MTL_FAST_MATH = YES;
				SDKROOT = iphoneos;
				SWIFT_COMPILATION_MODE = wholemodule;
				SWIFT_OPTIMIZATION_LEVEL = "-O";
				VALIDATE_PRODUCT = YES;
			};
			name = Release;
		};
		B455ED592885BEB30021F949 /* Debug */ = {
			isa = XCBuildConfiguration;
			buildSettings = {
				ASSETCATALOG_COMPILER_APPICON_NAME = AppIcon;
				ASSETCATALOG_COMPILER_GLOBAL_ACCENT_COLOR_NAME = AccentColor;
				CODE_SIGN_STYLE = Automatic;
				CURRENT_PROJECT_VERSION = 1;
				DEVELOPMENT_ASSET_PATHS = "\"Fruitz/Preview Content\"";
				DEVELOPMENT_TEAM = 482L4QAXA2;
				ENABLE_PREVIEWS = YES;
				GENERATE_INFOPLIST_FILE = YES;
				INFOPLIST_KEY_UIApplicationSceneManifest_Generation = YES;
				INFOPLIST_KEY_UIApplicationSupportsIndirectInputEvents = YES;
				INFOPLIST_KEY_UILaunchScreen_Generation = YES;
				INFOPLIST_KEY_UISupportedInterfaceOrientations = UIInterfaceOrientationPortrait;
				INFOPLIST_KEY_UISupportedInterfaceOrientations_iPad = "UIInterfaceOrientationPortrait UIInterfaceOrientationPortraitUpsideDown UIInterfaceOrientationLandscapeLeft UIInterfaceOrientationLandscapeRight";
				INFOPLIST_KEY_UISupportedInterfaceOrientations_iPhone = UIInterfaceOrientationPortrait;
				LD_RUNPATH_SEARCH_PATHS = (
					"$(inherited)",
					"@executable_path/Frameworks",
				);
				MARKETING_VERSION = 1.0;
				PRODUCT_BUNDLE_IDENTIFIER = com.berkatSwitUI.Fruitz;
				PRODUCT_NAME = "$(TARGET_NAME)";
				SWIFT_EMIT_LOC_STRINGS = YES;
				SWIFT_VERSION = 5.0;
				TARGETED_DEVICE_FAMILY = "1,2";
			};
			name = Debug;
		};
		B455ED5A2885BEB30021F949 /* Release */ = {
			isa = XCBuildConfiguration;
			buildSettings = {
				ASSETCATALOG_COMPILER_APPICON_NAME = AppIcon;
				ASSETCATALOG_COMPILER_GLOBAL_ACCENT_COLOR_NAME = AccentColor;
				CODE_SIGN_STYLE = Automatic;
				CURRENT_PROJECT_VERSION = 1;
				DEVELOPMENT_ASSET_PATHS = "\"Fruitz/Preview Content\"";
				DEVELOPMENT_TEAM = 482L4QAXA2;
				ENABLE_PREVIEWS = YES;
				GENERATE_INFOPLIST_FILE = YES;
				INFOPLIST_KEY_UIApplicationSceneManifest_Generation = YES;
				INFOPLIST_KEY_UIApplicationSupportsIndirectInputEvents = YES;
				INFOPLIST_KEY_UILaunchScreen_Generation = YES;
				INFOPLIST_KEY_UISupportedInterfaceOrientations = UIInterfaceOrientationPortrait;
				INFOPLIST_KEY_UISupportedInterfaceOrientations_iPad = "UIInterfaceOrientationPortrait UIInterfaceOrientationPortraitUpsideDown UIInterfaceOrientationLandscapeLeft UIInterfaceOrientationLandscapeRight";
				INFOPLIST_KEY_UISupportedInterfaceOrientations_iPhone = UIInterfaceOrientationPortrait;
				LD_RUNPATH_SEARCH_PATHS = (
					"$(inherited)",
					"@executable_path/Frameworks",
				);
				MARKETING_VERSION = 1.0;
				PRODUCT_BUNDLE_IDENTIFIER = com.berkatSwitUI.Fruitz;
				PRODUCT_NAME = "$(TARGET_NAME)";
				SWIFT_EMIT_LOC_STRINGS = YES;
				SWIFT_VERSION = 5.0;
				TARGETED_DEVICE_FAMILY = "1,2";
			};
			name = Release;
		};
		B455ED5C2885BEB30021F949 /* Debug */ = {
			isa = XCBuildConfiguration;
			buildSettings = {
				ALWAYS_EMBED_SWIFT_STANDARD_LIBRARIES = YES;
				BUNDLE_LOADER = "$(TEST_HOST)";
				CODE_SIGN_STYLE = Automatic;
				CURRENT_PROJECT_VERSION = 1;
				DEVELOPMENT_TEAM = 482L4QAXA2;
				GENERATE_INFOPLIST_FILE = YES;
				IPHONEOS_DEPLOYMENT_TARGET = 15.5;
				MARKETING_VERSION = 1.0;
				PRODUCT_BUNDLE_IDENTIFIER = com.berkatSwitUI.FruitzTests;
				PRODUCT_NAME = "$(TARGET_NAME)";
				SWIFT_EMIT_LOC_STRINGS = NO;
				SWIFT_VERSION = 5.0;
				TARGETED_DEVICE_FAMILY = "1,2";
				TEST_HOST = "$(BUILT_PRODUCTS_DIR)/Fruitz.app/Fruitz";
			};
			name = Debug;
		};
		B455ED5D2885BEB30021F949 /* Release */ = {
			isa = XCBuildConfiguration;
			buildSettings = {
				ALWAYS_EMBED_SWIFT_STANDARD_LIBRARIES = YES;
				BUNDLE_LOADER = "$(TEST_HOST)";
				CODE_SIGN_STYLE = Automatic;
				CURRENT_PROJECT_VERSION = 1;
				DEVELOPMENT_TEAM = 482L4QAXA2;
				GENERATE_INFOPLIST_FILE = YES;
				IPHONEOS_DEPLOYMENT_TARGET = 15.5;
				MARKETING_VERSION = 1.0;
				PRODUCT_BUNDLE_IDENTIFIER = com.berkatSwitUI.FruitzTests;
				PRODUCT_NAME = "$(TARGET_NAME)";
				SWIFT_EMIT_LOC_STRINGS = NO;
				SWIFT_VERSION = 5.0;
				TARGETED_DEVICE_FAMILY = "1,2";
				TEST_HOST = "$(BUILT_PRODUCTS_DIR)/Fruitz.app/Fruitz";
			};
			name = Release;
		};
		B455ED5F2885BEB30021F949 /* Debug */ = {
			isa = XCBuildConfiguration;
			buildSettings = {
				ALWAYS_EMBED_SWIFT_STANDARD_LIBRARIES = YES;
				CODE_SIGN_STYLE = Automatic;
				CURRENT_PROJECT_VERSION = 1;
				DEVELOPMENT_TEAM = 482L4QAXA2;
				GENERATE_INFOPLIST_FILE = YES;
				MARKETING_VERSION = 1.0;
				PRODUCT_BUNDLE_IDENTIFIER = com.berkatSwitUI.FruitzUITests;
				PRODUCT_NAME = "$(TARGET_NAME)";
				SWIFT_EMIT_LOC_STRINGS = NO;
				SWIFT_VERSION = 5.0;
				TARGETED_DEVICE_FAMILY = "1,2";
				TEST_TARGET_NAME = Fruitz;
			};
			name = Debug;
		};
		B455ED602885BEB30021F949 /* Release */ = {
			isa = XCBuildConfiguration;
			buildSettings = {
				ALWAYS_EMBED_SWIFT_STANDARD_LIBRARIES = YES;
				CODE_SIGN_STYLE = Automatic;
				CURRENT_PROJECT_VERSION = 1;
				DEVELOPMENT_TEAM = 482L4QAXA2;
				GENERATE_INFOPLIST_FILE = YES;
				MARKETING_VERSION = 1.0;
				PRODUCT_BUNDLE_IDENTIFIER = com.berkatSwitUI.FruitzUITests;
				PRODUCT_NAME = "$(TARGET_NAME)";
				SWIFT_EMIT_LOC_STRINGS = NO;
				SWIFT_VERSION = 5.0;
				TARGETED_DEVICE_FAMILY = "1,2";
				TEST_TARGET_NAME = Fruitz;
			};
			name = Release;
		};
/* End XCBuildConfiguration section */

/* Begin XCConfigurationList section */
		B455ED2F2885BEB20021F949 /* Build configuration list for PBXProject "Fruitz" */ = {
			isa = XCConfigurationList;
			buildConfigurations = (
				B455ED562885BEB30021F949 /* Debug */,
				B455ED572885BEB30021F949 /* Release */,
			);
			defaultConfigurationIsVisible = 0;
			defaultConfigurationName = Release;
		};
		B455ED582885BEB30021F949 /* Build configuration list for PBXNativeTarget "Fruitz" */ = {
			isa = XCConfigurationList;
			buildConfigurations = (
				B455ED592885BEB30021F949 /* Debug */,
				B455ED5A2885BEB30021F949 /* Release */,
			);
			defaultConfigurationIsVisible = 0;
			defaultConfigurationName = Release;
		};
		B455ED5B2885BEB30021F949 /* Build configuration list for PBXNativeTarget "FruitzTests" */ = {
			isa = XCConfigurationList;
			buildConfigurations = (
				B455ED5C2885BEB30021F949 /* Debug */,
				B455ED5D2885BEB30021F949 /* Release */,
			);
			defaultConfigurationIsVisible = 0;
			defaultConfigurationName = Release;
		};
		B455ED5E2885BEB30021F949 /* Build configuration list for PBXNativeTarget "FruitzUITests" */ = {
			isa = XCConfigurationList;
			buildConfigurations = (
				B455ED5F2885BEB30021F949 /* Debug */,
				B455ED602885BEB30021F949 /* Release */,
			);
			defaultConfigurationIsVisible = 0;
			defaultConfigurationName = Release;
		};
/* End XCConfigurationList section */
	};
	rootObject = B455ED2C2885BEB20021F949 /* Project object */;
}
